// !$*UTF8*$!
{
	archiveVersion = 1;
	classes = {
	};
	objectVersion = 48;
	objects = {

/* Begin PBXBuildFile section */
		418D774E2463C7C8F1BBD0B9 /* Pods_PHTLSScheme.framework in Frameworks */ = {isa = PBXBuildFile; fileRef = 6D5323F83F3DE9F411382453 /* Pods_PHTLSScheme.framework */; };
		5D2D0C9D20A18A5100EEEAB0 /* LabelsInScorekeeperBar.swift in Sources */ = {isa = PBXBuildFile; fileRef = 5D2D0C9C20A18A5100EEEAB0 /* LabelsInScorekeeperBar.swift */; };
		5D31DFC1209075450011F92A /* FatherPlatousStepsTableViewCell.swift in Sources */ = {isa = PBXBuildFile; fileRef = 5D31DFC0209075450011F92A /* FatherPlatousStepsTableViewCell.swift */; };
		5D4F9992208365DF00028933 /* GoogleService-Info.plist in Resources */ = {isa = PBXBuildFile; fileRef = 5D4F9991208365DF00028933 /* GoogleService-Info.plist */; };
		5D65B40C208F96B00097E87A /* SchemeMenuViewController.swift in Sources */ = {isa = PBXBuildFile; fileRef = 5D65B40B208F96B00097E87A /* SchemeMenuViewController.swift */; };
		5DB91FFA208351D3000858CF /* SchemeJsonParser.swift in Sources */ = {isa = PBXBuildFile; fileRef = 5DB91FF9208351D3000858CF /* SchemeJsonParser.swift */; };
		E909C3D3206268670082B264 /* AppDelegate.swift in Sources */ = {isa = PBXBuildFile; fileRef = E909C3D2206268670082B264 /* AppDelegate.swift */; };
		E909C3D5206268670082B264 /* SchemeViewController.swift in Sources */ = {isa = PBXBuildFile; fileRef = E909C3D4206268670082B264 /* SchemeViewController.swift */; };
		E909C3D8206268670082B264 /* Main.storyboard in Resources */ = {isa = PBXBuildFile; fileRef = E909C3D6206268670082B264 /* Main.storyboard */; };
		E909C3DA206268670082B264 /* Assets.xcassets in Resources */ = {isa = PBXBuildFile; fileRef = E909C3D9206268670082B264 /* Assets.xcassets */; };
		E909C3DD206268670082B264 /* LaunchScreen.storyboard in Resources */ = {isa = PBXBuildFile; fileRef = E909C3DB206268670082B264 /* LaunchScreen.storyboard */; };
		E909C3E720626A760082B264 /* SchemeLibrary.swift in Sources */ = {isa = PBXBuildFile; fileRef = E909C3E620626A760082B264 /* SchemeLibrary.swift */; };
/* End PBXBuildFile section */

/* Begin PBXFileReference section */
		27A2202C3A7D6687775FF673 /* Pods-PHTLSScheme.release.xcconfig */ = {isa = PBXFileReference; includeInIndex = 1; lastKnownFileType = text.xcconfig; name = "Pods-PHTLSScheme.release.xcconfig"; path = "Pods/Target Support Files/Pods-PHTLSScheme/Pods-PHTLSScheme.release.xcconfig"; sourceTree = "<group>"; };
		5D2D0C9C20A18A5100EEEAB0 /* LabelsInScorekeeperBar.swift */ = {isa = PBXFileReference; lastKnownFileType = sourcecode.swift; path = LabelsInScorekeeperBar.swift; sourceTree = "<group>"; };
		5D31DFC0209075450011F92A /* FatherPlatousStepsTableViewCell.swift */ = {isa = PBXFileReference; lastKnownFileType = sourcecode.swift; path = FatherPlatousStepsTableViewCell.swift; sourceTree = "<group>"; };
		5D4F9991208365DF00028933 /* GoogleService-Info.plist */ = {isa = PBXFileReference; fileEncoding = 4; lastKnownFileType = text.plist.xml; path = "GoogleService-Info.plist"; sourceTree = "<group>"; };
		5D65B40B208F96B00097E87A /* SchemeMenuViewController.swift */ = {isa = PBXFileReference; lastKnownFileType = sourcecode.swift; path = SchemeMenuViewController.swift; sourceTree = "<group>"; };
		5DB91FF9208351D3000858CF /* SchemeJsonParser.swift */ = {isa = PBXFileReference; lastKnownFileType = sourcecode.swift; path = SchemeJsonParser.swift; sourceTree = "<group>"; };
		6D5323F83F3DE9F411382453 /* Pods_PHTLSScheme.framework */ = {isa = PBXFileReference; explicitFileType = wrapper.framework; includeInIndex = 0; path = Pods_PHTLSScheme.framework; sourceTree = BUILT_PRODUCTS_DIR; };
		A7CE28D2617438A36A8AD650 /* Pods-PHTLSScheme.debug.xcconfig */ = {isa = PBXFileReference; includeInIndex = 1; lastKnownFileType = text.xcconfig; name = "Pods-PHTLSScheme.debug.xcconfig"; path = "Pods/Target Support Files/Pods-PHTLSScheme/Pods-PHTLSScheme.debug.xcconfig"; sourceTree = "<group>"; };
		E909C3CF206268670082B264 /* PHTLSScheme.app */ = {isa = PBXFileReference; explicitFileType = wrapper.application; includeInIndex = 0; path = PHTLSScheme.app; sourceTree = BUILT_PRODUCTS_DIR; };
		E909C3D2206268670082B264 /* AppDelegate.swift */ = {isa = PBXFileReference; lastKnownFileType = sourcecode.swift; path = AppDelegate.swift; sourceTree = "<group>"; };
		E909C3D4206268670082B264 /* SchemeViewController.swift */ = {isa = PBXFileReference; lastKnownFileType = sourcecode.swift; path = SchemeViewController.swift; sourceTree = "<group>"; };
		E909C3D7206268670082B264 /* Base */ = {isa = PBXFileReference; lastKnownFileType = file.storyboard; name = Base; path = Base.lproj/Main.storyboard; sourceTree = "<group>"; };
		E909C3D9206268670082B264 /* Assets.xcassets */ = {isa = PBXFileReference; lastKnownFileType = folder.assetcatalog; path = Assets.xcassets; sourceTree = "<group>"; };
		E909C3DC206268670082B264 /* Base */ = {isa = PBXFileReference; lastKnownFileType = file.storyboard; name = Base; path = Base.lproj/LaunchScreen.storyboard; sourceTree = "<group>"; };
		E909C3DE206268670082B264 /* Info.plist */ = {isa = PBXFileReference; lastKnownFileType = text.plist.xml; path = Info.plist; sourceTree = "<group>"; };
		E909C3E620626A760082B264 /* SchemeLibrary.swift */ = {isa = PBXFileReference; lastKnownFileType = sourcecode.swift; path = SchemeLibrary.swift; sourceTree = "<group>"; };
/* End PBXFileReference section */

/* Begin PBXFrameworksBuildPhase section */
		E909C3CC206268670082B264 /* Frameworks */ = {
			isa = PBXFrameworksBuildPhase;
			buildActionMask = 2147483647;
			files = (
				418D774E2463C7C8F1BBD0B9 /* Pods_PHTLSScheme.framework in Frameworks */,
			);
			runOnlyForDeploymentPostprocessing = 0;
		};
/* End PBXFrameworksBuildPhase section */

/* Begin PBXGroup section */
		ADA6A04398D3DE0012A90138 /* Pods */ = {
			isa = PBXGroup;
			children = (
				A7CE28D2617438A36A8AD650 /* Pods-PHTLSScheme.debug.xcconfig */,
				27A2202C3A7D6687775FF673 /* Pods-PHTLSScheme.release.xcconfig */,
			);
			name = Pods;
			sourceTree = "<group>";
		};
		E909C3C6206268670082B264 = {
			isa = PBXGroup;
			children = (
				E909C3D1206268670082B264 /* PHTLSScheme */,
				E909C3D0206268670082B264 /* Products */,
				ADA6A04398D3DE0012A90138 /* Pods */,
				FA50D42A62D0A7B0D090C0B3 /* Frameworks */,
			);
			sourceTree = "<group>";
		};
		E909C3D0206268670082B264 /* Products */ = {
			isa = PBXGroup;
			children = (
				E909C3CF206268670082B264 /* PHTLSScheme.app */,
			);
			name = Products;
			sourceTree = "<group>";
		};
		E909C3D1206268670082B264 /* PHTLSScheme */ = {
			isa = PBXGroup;
			children = (
				E909C3D4206268670082B264 /* SchemeViewController.swift */,
				E909C3E620626A760082B264 /* SchemeLibrary.swift */,
				5DB91FF9208351D3000858CF /* SchemeJsonParser.swift */,
				5D65B40B208F96B00097E87A /* SchemeMenuViewController.swift */,
				5D2D0C9C20A18A5100EEEAB0 /* LabelsInScorekeeperBar.swift */,
				5D31DFC0209075450011F92A /* FatherPlatousStepsTableViewCell.swift */,
				E909C3D6206268670082B264 /* Main.storyboard */,
				E909C3DB206268670082B264 /* LaunchScreen.storyboard */,
				E909C3D2206268670082B264 /* AppDelegate.swift */,
				E909C3D9206268670082B264 /* Assets.xcassets */,
				5D4F9991208365DF00028933 /* GoogleService-Info.plist */,
				E909C3DE206268670082B264 /* Info.plist */,
			);
			path = PHTLSScheme;
			sourceTree = "<group>";
		};
		FA50D42A62D0A7B0D090C0B3 /* Frameworks */ = {
			isa = PBXGroup;
			children = (
				6D5323F83F3DE9F411382453 /* Pods_PHTLSScheme.framework */,
			);
			name = Frameworks;
			sourceTree = "<group>";
		};
/* End PBXGroup section */

/* Begin PBXNativeTarget section */
		E909C3CE206268670082B264 /* PHTLSScheme */ = {
			isa = PBXNativeTarget;
			buildConfigurationList = E909C3E1206268670082B264 /* Build configuration list for PBXNativeTarget "PHTLSScheme" */;
			buildPhases = (
				8872EDEA99FCAD76AD259CD0 /* [CP] Check Pods Manifest.lock */,
				E909C3CB206268670082B264 /* Sources */,
				E909C3CC206268670082B264 /* Frameworks */,
				E909C3CD206268670082B264 /* Resources */,
				8DC4BC4546B9593C37F5146C /* [CP] Embed Pods Frameworks */,
				DBC77817F008C2103EE80552 /* [CP] Copy Pods Resources */,
			);
			buildRules = (
			);
			dependencies = (
			);
			name = PHTLSScheme;
			productName = PHTLSScheme;
			productReference = E909C3CF206268670082B264 /* PHTLSScheme.app */;
			productType = "com.apple.product-type.application";
		};
/* End PBXNativeTarget section */

/* Begin PBXProject section */
		E909C3C7206268670082B264 /* Project object */ = {
			isa = PBXProject;
			attributes = {
				LastSwiftUpdateCheck = 0910;
				LastUpgradeCheck = 0930;
				ORGANIZATIONNAME = Tilon;
				TargetAttributes = {
					E909C3CE206268670082B264 = {
						CreatedOnToolsVersion = 9.1;
						ProvisioningStyle = Automatic;
					};
				};
			};
			buildConfigurationList = E909C3CA206268670082B264 /* Build configuration list for PBXProject "PHTLSScheme" */;
			compatibilityVersion = "Xcode 8.0";
			developmentRegion = en;
			hasScannedForEncodings = 0;
			knownRegions = (
				en,
				Base,
			);
			mainGroup = E909C3C6206268670082B264;
			productRefGroup = E909C3D0206268670082B264 /* Products */;
			projectDirPath = "";
			projectRoot = "";
			targets = (
				E909C3CE206268670082B264 /* PHTLSScheme */,
			);
		};
/* End PBXProject section */

/* Begin PBXResourcesBuildPhase section */
		E909C3CD206268670082B264 /* Resources */ = {
			isa = PBXResourcesBuildPhase;
			buildActionMask = 2147483647;
			files = (
				E909C3DD206268670082B264 /* LaunchScreen.storyboard in Resources */,
				5D4F9992208365DF00028933 /* GoogleService-Info.plist in Resources */,
				E909C3DA206268670082B264 /* Assets.xcassets in Resources */,
				E909C3D8206268670082B264 /* Main.storyboard in Resources */,
			);
			runOnlyForDeploymentPostprocessing = 0;
		};
/* End PBXResourcesBuildPhase section */

/* Begin PBXShellScriptBuildPhase section */
		8872EDEA99FCAD76AD259CD0 /* [CP] Check Pods Manifest.lock */ = {
			isa = PBXShellScriptBuildPhase;
			buildActionMask = 2147483647;
			files = (
			);
			inputPaths = (
				"${PODS_PODFILE_DIR_PATH}/Podfile.lock",
				"${PODS_ROOT}/Manifest.lock",
			);
			name = "[CP] Check Pods Manifest.lock";
			outputPaths = (
				"$(DERIVED_FILE_DIR)/Pods-PHTLSScheme-checkManifestLockResult.txt",
			);
			runOnlyForDeploymentPostprocessing = 0;
			shellPath = /bin/sh;
			shellScript = "diff \"${PODS_PODFILE_DIR_PATH}/Podfile.lock\" \"${PODS_ROOT}/Manifest.lock\" > /dev/null\nif [ $? != 0 ] ; then\n    # print error to STDERR\n    echo \"error: The sandbox is not in sync with the Podfile.lock. Run 'pod install' or update your CocoaPods installation.\" >&2\n    exit 1\nfi\n# This output is used by Xcode 'outputs' to avoid re-running this script phase.\necho \"SUCCESS\" > \"${SCRIPT_OUTPUT_FILE_0}\"\n";
			showEnvVarsInLog = 0;
		};
		8DC4BC4546B9593C37F5146C /* [CP] Embed Pods Frameworks */ = {
			isa = PBXShellScriptBuildPhase;
			buildActionMask = 2147483647;
			files = (
			);
			inputPaths = (
				"${SRCROOT}/Pods/Target Support Files/Pods-PHTLSScheme/Pods-PHTLSScheme-frameworks.sh",
				"${BUILT_PRODUCTS_DIR}/GoogleToolboxForMac/GoogleToolboxForMac.framework",
				"${BUILT_PRODUCTS_DIR}/leveldb-library/leveldb.framework",
				"${BUILT_PRODUCTS_DIR}/nanopb/nanopb.framework",
			);
			name = "[CP] Embed Pods Frameworks";
			outputPaths = (
				"${TARGET_BUILD_DIR}/${FRAMEWORKS_FOLDER_PATH}/GoogleToolboxForMac.framework",
				"${TARGET_BUILD_DIR}/${FRAMEWORKS_FOLDER_PATH}/leveldb.framework",
				"${TARGET_BUILD_DIR}/${FRAMEWORKS_FOLDER_PATH}/nanopb.framework",
			);
			runOnlyForDeploymentPostprocessing = 0;
			shellPath = /bin/sh;
			shellScript = "\"${SRCROOT}/Pods/Target Support Files/Pods-PHTLSScheme/Pods-PHTLSScheme-frameworks.sh\"\n";
			showEnvVarsInLog = 0;
		};
		DBC77817F008C2103EE80552 /* [CP] Copy Pods Resources */ = {
			isa = PBXShellScriptBuildPhase;
			buildActionMask = 2147483647;
			files = (
			);
			inputPaths = (
			);
			name = "[CP] Copy Pods Resources";
			outputPaths = (
			);
			runOnlyForDeploymentPostprocessing = 0;
			shellPath = /bin/sh;
			shellScript = "\"${SRCROOT}/Pods/Target Support Files/Pods-PHTLSScheme/Pods-PHTLSScheme-resources.sh\"\n";
			showEnvVarsInLog = 0;
		};
/* End PBXShellScriptBuildPhase section */

/* Begin PBXSourcesBuildPhase section */
		E909C3CB206268670082B264 /* Sources */ = {
			isa = PBXSourcesBuildPhase;
			buildActionMask = 2147483647;
			files = (
				5D31DFC1209075450011F92A /* FatherPlatousStepsTableViewCell.swift in Sources */,
				5D65B40C208F96B00097E87A /* SchemeMenuViewController.swift in Sources */,
				E909C3D5206268670082B264 /* SchemeViewController.swift in Sources */,
				5DB91FFA208351D3000858CF /* SchemeJsonParser.swift in Sources */,
				E909C3E720626A760082B264 /* SchemeLibrary.swift in Sources */,
				5D2D0C9D20A18A5100EEEAB0 /* LabelsInScorekeeperBar.swift in Sources */,
				E909C3D3206268670082B264 /* AppDelegate.swift in Sources */,
			);
			runOnlyForDeploymentPostprocessing = 0;
		};
/* End PBXSourcesBuildPhase section */

/* Begin PBXVariantGroup section */
		E909C3D6206268670082B264 /* Main.storyboard */ = {
			isa = PBXVariantGroup;
			children = (
				E909C3D7206268670082B264 /* Base */,
			);
			name = Main.storyboard;
			sourceTree = "<group>";
		};
		E909C3DB206268670082B264 /* LaunchScreen.storyboard */ = {
			isa = PBXVariantGroup;
			children = (
				E909C3DC206268670082B264 /* Base */,
			);
			name = LaunchScreen.storyboard;
			sourceTree = "<group>";
		};
/* End PBXVariantGroup section */

/* Begin XCBuildConfiguration section */
		E909C3DF206268670082B264 /* Debug */ = {
			isa = XCBuildConfiguration;
			buildSettings = {
				ALWAYS_SEARCH_USER_PATHS = NO;
				CLANG_ANALYZER_NONNULL = YES;
				CLANG_ANALYZER_NUMBER_OBJECT_CONVERSION = YES_AGGRESSIVE;
				CLANG_CXX_LANGUAGE_STANDARD = "gnu++14";
				CLANG_CXX_LIBRARY = "libc++";
				CLANG_ENABLE_MODULES = YES;
				CLANG_ENABLE_OBJC_ARC = YES;
				CLANG_WARN_BLOCK_CAPTURE_AUTORELEASING = YES;
				CLANG_WARN_BOOL_CONVERSION = YES;
				CLANG_WARN_COMMA = YES;
				CLANG_WARN_CONSTANT_CONVERSION = YES;
				CLANG_WARN_DEPRECATED_OBJC_IMPLEMENTATIONS = YES;
				CLANG_WARN_DIRECT_OBJC_ISA_USAGE = YES_ERROR;
				CLANG_WARN_DOCUMENTATION_COMMENTS = YES;
				CLANG_WARN_EMPTY_BODY = YES;
				CLANG_WARN_ENUM_CONVERSION = YES;
				CLANG_WARN_INFINITE_RECURSION = YES;
				CLANG_WARN_INT_CONVERSION = YES;
				CLANG_WARN_NON_LITERAL_NULL_CONVERSION = YES;
				CLANG_WARN_OBJC_IMPLICIT_RETAIN_SELF = YES;
				CLANG_WARN_OBJC_LITERAL_CONVERSION = YES;
				CLANG_WARN_OBJC_ROOT_CLASS = YES_ERROR;
				CLANG_WARN_RANGE_LOOP_ANALYSIS = YES;
				CLANG_WARN_STRICT_PROTOTYPES = YES;
				CLANG_WARN_SUSPICIOUS_MOVE = YES;
				CLANG_WARN_UNGUARDED_AVAILABILITY = YES_AGGRESSIVE;
				CLANG_WARN_UNREACHABLE_CODE = YES;
				CLANG_WARN__DUPLICATE_METHOD_MATCH = YES;
				CODE_SIGN_IDENTITY = "iPhone Developer";
				COPY_PHASE_STRIP = NO;
				DEBUG_INFORMATION_FORMAT = dwarf;
				ENABLE_STRICT_OBJC_MSGSEND = YES;
				ENABLE_TESTABILITY = YES;
				GCC_C_LANGUAGE_STANDARD = gnu11;
				GCC_DYNAMIC_NO_PIC = NO;
				GCC_NO_COMMON_BLOCKS = YES;
				GCC_OPTIMIZATION_LEVEL = 0;
				GCC_PREPROCESSOR_DEFINITIONS = (
					"DEBUG=1",
					"$(inherited)",
				);
				GCC_WARN_64_TO_32_BIT_CONVERSION = YES;
				GCC_WARN_ABOUT_RETURN_TYPE = YES_ERROR;
				GCC_WARN_UNDECLARED_SELECTOR = YES;
				GCC_WARN_UNINITIALIZED_AUTOS = YES_AGGRESSIVE;
				GCC_WARN_UNUSED_FUNCTION = YES;
				GCC_WARN_UNUSED_VARIABLE = YES;
				IPHONEOS_DEPLOYMENT_TARGET = 11.1;
				MTL_ENABLE_DEBUG_INFO = YES;
				ONLY_ACTIVE_ARCH = YES;
				SDKROOT = iphoneos;
				SWIFT_ACTIVE_COMPILATION_CONDITIONS = DEBUG;
				SWIFT_OPTIMIZATION_LEVEL = "-Onone";
			};
			name = Debug;
		};
		E909C3E0206268670082B264 /* Release */ = {
			isa = XCBuildConfiguration;
			buildSettings = {
				ALWAYS_SEARCH_USER_PATHS = NO;
				CLANG_ANALYZER_NONNULL = YES;
				CLANG_ANALYZER_NUMBER_OBJECT_CONVERSION = YES_AGGRESSIVE;
				CLANG_CXX_LANGUAGE_STANDARD = "gnu++14";
				CLANG_CXX_LIBRARY = "libc++";
				CLANG_ENABLE_MODULES = YES;
				CLANG_ENABLE_OBJC_ARC = YES;
				CLANG_WARN_BLOCK_CAPTURE_AUTORELEASING = YES;
				CLANG_WARN_BOOL_CONVERSION = YES;
				CLANG_WARN_COMMA = YES;
				CLANG_WARN_CONSTANT_CONVERSION = YES;
				CLANG_WARN_DEPRECATED_OBJC_IMPLEMENTATIONS = YES;
				CLANG_WARN_DIRECT_OBJC_ISA_USAGE = YES_ERROR;
				CLANG_WARN_DOCUMENTATION_COMMENTS = YES;
				CLANG_WARN_EMPTY_BODY = YES;
				CLANG_WARN_ENUM_CONVERSION = YES;
				CLANG_WARN_INFINITE_RECURSION = YES;
				CLANG_WARN_INT_CONVERSION = YES;
				CLANG_WARN_NON_LITERAL_NULL_CONVERSION = YES;
				CLANG_WARN_OBJC_IMPLICIT_RETAIN_SELF = YES;
				CLANG_WARN_OBJC_LITERAL_CONVERSION = YES;
				CLANG_WARN_OBJC_ROOT_CLASS = YES_ERROR;
				CLANG_WARN_RANGE_LOOP_ANALYSIS = YES;
				CLANG_WARN_STRICT_PROTOTYPES = YES;
				CLANG_WARN_SUSPICIOUS_MOVE = YES;
				CLANG_WARN_UNGUARDED_AVAILABILITY = YES_AGGRESSIVE;
				CLANG_WARN_UNREACHABLE_CODE = YES;
				CLANG_WARN__DUPLICATE_METHOD_MATCH = YES;
				CODE_SIGN_IDENTITY = "iPhone Developer";
				COPY_PHASE_STRIP = NO;
				DEBUG_INFORMATION_FORMAT = "dwarf-with-dsym";
				ENABLE_NS_ASSERTIONS = NO;
				ENABLE_STRICT_OBJC_MSGSEND = YES;
				GCC_C_LANGUAGE_STANDARD = gnu11;
				GCC_NO_COMMON_BLOCKS = YES;
				GCC_WARN_64_TO_32_BIT_CONVERSION = YES;
				GCC_WARN_ABOUT_RETURN_TYPE = YES_ERROR;
				GCC_WARN_UNDECLARED_SELECTOR = YES;
				GCC_WARN_UNINITIALIZED_AUTOS = YES_AGGRESSIVE;
				GCC_WARN_UNUSED_FUNCTION = YES;
				GCC_WARN_UNUSED_VARIABLE = YES;
				IPHONEOS_DEPLOYMENT_TARGET = 11.1;
				MTL_ENABLE_DEBUG_INFO = NO;
				SDKROOT = iphoneos;
				SWIFT_OPTIMIZATION_LEVEL = "-Owholemodule";
				VALIDATE_PRODUCT = YES;
			};
			name = Release;
		};
		E909C3E2206268670082B264 /* Debug */ = {
			isa = XCBuildConfiguration;
			baseConfigurationReference = A7CE28D2617438A36A8AD650 /* Pods-PHTLSScheme.debug.xcconfig */;
			buildSettings = {
				ASSETCATALOG_COMPILER_APPICON_NAME = AppIcon;
				CODE_SIGN_STYLE = Automatic;
				DEVELOPMENT_TEAM = TFXDQ8D7R8;
				INFOPLIST_FILE = PHTLSScheme/Info.plist;
				LD_RUNPATH_SEARCH_PATHS = "$(inherited) @executable_path/Frameworks";
				PRODUCT_BUNDLE_IDENTIFIER = tilRoy.PHTLSScheme;
				PRODUCT_NAME = "$(TARGET_NAME)";
				SWIFT_VERSION = 4.0;
				TARGETED_DEVICE_FAMILY = "1,2";
			};
			name = Debug;
		};
		E909C3E3206268670082B264 /* Release */ = {
			isa = XCBuildConfiguration;
			baseConfigurationReference = 27A2202C3A7D6687775FF673 /* Pods-PHTLSScheme.release.xcconfig */;
			buildSettings = {
				ASSETCATALOG_COMPILER_APPICON_NAME = AppIcon;
				CODE_SIGN_STYLE = Automatic;
				DEVELOPMENT_TEAM = TFXDQ8D7R8;
				INFOPLIST_FILE = PHTLSScheme/Info.plist;
				LD_RUNPATH_SEARCH_PATHS = "$(inherited) @executable_path/Frameworks";
				PRODUCT_BUNDLE_IDENTIFIER = tilRoy.PHTLSScheme;
				PRODUCT_NAME = "$(TARGET_NAME)";
				SWIFT_VERSION = 4.0;
				TARGETED_DEVICE_FAMILY = "1,2";
			};
			name = Release;
		};
/* End XCBuildConfiguration section */

/* Begin XCConfigurationList section */
		E909C3CA206268670082B264 /* Build configuration list for PBXProject "PHTLSScheme" */ = {
			isa = XCConfigurationList;
			buildConfigurations = (
				E909C3DF206268670082B264 /* Debug */,
				E909C3E0206268670082B264 /* Release */,
			);
			defaultConfigurationIsVisible = 0;
			defaultConfigurationName = Release;
		};
		E909C3E1206268670082B264 /* Build configuration list for PBXNativeTarget "PHTLSScheme" */ = {
			isa = XCConfigurationList;
			buildConfigurations = (
				E909C3E2206268670082B264 /* Debug */,
				E909C3E3206268670082B264 /* Release */,
			);
			defaultConfigurationIsVisible = 0;
			defaultConfigurationName = Release;
		};
/* End XCConfigurationList section */
	};
	rootObject = E909C3C7206268670082B264 /* Project object */;
}
